
Microsoft Visual Studio Solution File, Format Version 12.00
# Visual Studio 15
Project("{FAE04EC0-301F-11D3-BF4B-00C04F79EFBC}") = "Assembly-CSharp", "Assembly-CSharp.csproj", "{B7DBFC5B-E0E7-C0C8-EFDF-BDE426ED819A}"
EndProject
Project("{FAE04EC0-301F-11D3-BF4B-00C04F79EFBC}") = "Assembly-CSharp-firstpass", "Assembly-CSharp-firstpass.csproj", "{219A23A7-B390-A79E-2364-6EB9E680564F}"
EndProject
Global
	GlobalSection(SolutionConfigurationPlatforms) = preSolution
		Debug|Any CPU = Debug|Any CPU
		Release|Any CPU = Release|Any CPU
	EndGlobalSection
	GlobalSection(ProjectConfigurationPlatforms) = postSolution
		{B7DBFC5B-E0E7-C0C8-EFDF-BDE426ED819A}.Debug|Any CPU.ActiveCfg = Debug|Any CPU
		{B7DBFC5B-E0E7-C0C8-EFDF-BDE426ED819A}.Debug|Any CPU.Build.0 = Debug|Any CPU
		{B7DBFC5B-E0E7-C0C8-EFDF-BDE426ED819A}.Release|Any CPU.ActiveCfg = Release|Any CPU
		{B7DBFC5B-E0E7-C0C8-EFDF-BDE426ED819A}.Release|Any CPU.Build.0 = Release|Any CPU
		{219A23A7-B390-A79E-2364-6EB9E680564F}.Debug|Any CPU.ActiveCfg = Debug|Any CPU
		{219A23A7-B390-A79E-2364-6EB9E680564F}.Debug|Any CPU.Build.0 = Debug|Any CPU
		{219A23A7-B390-A79E-2364-6EB9E680564F}.Release|Any CPU.ActiveCfg = Release|Any CPU
		{219A23A7-B390-A79E-2364-6EB9E680564F}.Release|Any CPU.Build.0 = Release|Any CPU
	EndGlobalSection
	GlobalSection(SolutionProperties) = preSolution
		HideSolutionNode = FALSE
	EndGlobalSection
EndGlobal
